// !$*UTF8*$!
{
	archiveVersion = 1;
	classes = {
	};
	objectVersion = 50;
	objects = {

/* Begin PBXBuildFile section */
		704D6FC925E1BF93003E24AF /* AppDelegate.swift in Sources */ = {isa = PBXBuildFile; fileRef = 704D6FC825E1BF93003E24AF /* AppDelegate.swift */; };
		704D6FCB25E1BF93003E24AF /* SceneDelegate.swift in Sources */ = {isa = PBXBuildFile; fileRef = 704D6FCA25E1BF93003E24AF /* SceneDelegate.swift */; };
		704D6FCD25E1BF93003E24AF /* ViewController.swift in Sources */ = {isa = PBXBuildFile; fileRef = 704D6FCC25E1BF93003E24AF /* ViewController.swift */; };
		704D6FD025E1BF93003E24AF /* Main.storyboard in Resources */ = {isa = PBXBuildFile; fileRef = 704D6FCE25E1BF93003E24AF /* Main.storyboard */; };
		704D6FD225E1BF95003E24AF /* Assets.xcassets in Resources */ = {isa = PBXBuildFile; fileRef = 704D6FD125E1BF95003E24AF /* Assets.xcassets */; };
		704D6FD525E1BF95003E24AF /* LaunchScreen.storyboard in Resources */ = {isa = PBXBuildFile; fileRef = 704D6FD325E1BF95003E24AF /* LaunchScreen.storyboard */; };
		704D6FE425E1BFDE003E24AF /* Story.swift in Sources */ = {isa = PBXBuildFile; fileRef = 704D6FE325E1BFDE003E24AF /* Story.swift */; };
		704D6FEA25E1BFFB003E24AF /* StoryBrain.swift in Sources */ = {isa = PBXBuildFile; fileRef = 704D6FE925E1BFFB003E24AF /* StoryBrain.swift */; };
/* End PBXBuildFile section */

/* Begin PBXFileReference section */
		704D6FC525E1BF93003E24AF /* Destiny.app */ = {isa = PBXFileReference; explicitFileType = wrapper.application; includeInIndex = 0; path = Destiny.app; sourceTree = BUILT_PRODUCTS_DIR; };
		704D6FC825E1BF93003E24AF /* AppDelegate.swift */ = {isa = PBXFileReference; lastKnownFileType = sourcecode.swift; path = AppDelegate.swift; sourceTree = "<group>"; };
		704D6FCA25E1BF93003E24AF /* SceneDelegate.swift */ = {isa = PBXFileReference; lastKnownFileType = sourcecode.swift; path = SceneDelegate.swift; sourceTree = "<group>"; };
		704D6FCC25E1BF93003E24AF /* ViewController.swift */ = {isa = PBXFileReference; lastKnownFileType = sourcecode.swift; path = ViewController.swift; sourceTree = "<group>"; };
		704D6FCF25E1BF93003E24AF /* Base */ = {isa = PBXFileReference; lastKnownFileType = file.storyboard; name = Base; path = Base.lproj/Main.storyboard; sourceTree = "<group>"; };
		704D6FD125E1BF95003E24AF /* Assets.xcassets */ = {isa = PBXFileReference; lastKnownFileType = folder.assetcatalog; path = Assets.xcassets; sourceTree = "<group>"; };
		704D6FD425E1BF95003E24AF /* Base */ = {isa = PBXFileReference; lastKnownFileType = file.storyboard; name = Base; path = Base.lproj/LaunchScreen.storyboard; sourceTree = "<group>"; };
		704D6FD625E1BF95003E24AF /* Info.plist */ = {isa = PBXFileReference; lastKnownFileType = text.plist.xml; path = Info.plist; sourceTree = "<group>"; };
		704D6FE325E1BFDE003E24AF /* Story.swift */ = {isa = PBXFileReference; lastKnownFileType = sourcecode.swift; path = Story.swift; sourceTree = "<group>"; };
		704D6FE925E1BFFB003E24AF /* StoryBrain.swift */ = {isa = PBXFileReference; lastKnownFileType = sourcecode.swift; path = StoryBrain.swift; sourceTree = "<group>"; };
/* End PBXFileReference section */

/* Begin PBXFrameworksBuildPhase section */
		704D6FC225E1BF93003E24AF /* Frameworks */ = {
			isa = PBXFrameworksBuildPhase;
			buildActionMask = 2147483647;
			files = (
			);
			runOnlyForDeploymentPostprocessing = 0;
		};
/* End PBXFrameworksBuildPhase section */

/* Begin PBXGroup section */
		704D6FBC25E1BF93003E24AF = {
			isa = PBXGroup;
			children = (
				704D6FC725E1BF93003E24AF /* Destiny */,
				704D6FC625E1BF93003E24AF /* Products */,
			);
			sourceTree = "<group>";
		};
		704D6FC625E1BF93003E24AF /* Products */ = {
			isa = PBXGroup;
			children = (
				704D6FC525E1BF93003E24AF /* Destiny.app */,
			);
			name = Products;
			sourceTree = "<group>";
		};
		704D6FC725E1BF93003E24AF /* Destiny */ = {
			isa = PBXGroup;
			children = (
				704D6FC825E1BF93003E24AF /* AppDelegate.swift */,
				704D6FCA25E1BF93003E24AF /* SceneDelegate.swift */,
				704D6FE725E1BFE2003E24AF /* Model */,
				704D6FE125E1BFB6003E24AF /* View */,
				704D6FDE25E1BFA8003E24AF /* Controller */,
				704D6FD125E1BF95003E24AF /* Assets.xcassets */,
				704D6FD325E1BF95003E24AF /* LaunchScreen.storyboard */,
				704D6FD625E1BF95003E24AF /* Info.plist */,
			);
			path = Destiny;
			sourceTree = "<group>";
		};
		704D6FDE25E1BFA8003E24AF /* Controller */ = {
			isa = PBXGroup;
			children = (
				704D6FCC25E1BF93003E24AF /* ViewController.swift */,
			);
			path = Controller;
			sourceTree = "<group>";
		};
		704D6FE125E1BFB6003E24AF /* View */ = {
			isa = PBXGroup;
			children = (
				704D6FCE25E1BF93003E24AF /* Main.storyboard */,
			);
			path = View;
			sourceTree = "<group>";
		};
		704D6FE725E1BFE2003E24AF /* Model */ = {
			isa = PBXGroup;
			children = (
				704D6FE325E1BFDE003E24AF /* Story.swift */,
				704D6FE925E1BFFB003E24AF /* StoryBrain.swift */,
			);
			path = Model;
			sourceTree = "<group>";
		};
/* End PBXGroup section */

/* Begin PBXNativeTarget section */
		704D6FC425E1BF93003E24AF /* Destiny */ = {
			isa = PBXNativeTarget;
			buildConfigurationList = 704D6FD925E1BF95003E24AF /* Build configuration list for PBXNativeTarget "Destiny" */;
			buildPhases = (
				704D6FC125E1BF93003E24AF /* Sources */,
				704D6FC225E1BF93003E24AF /* Frameworks */,
				704D6FC325E1BF93003E24AF /* Resources */,
			);
			buildRules = (
			);
			dependencies = (
			);
			name = Destiny;
			productName = Destiny;
			productReference = 704D6FC525E1BF93003E24AF /* Destiny.app */;
			productType = "com.apple.product-type.application";
		};
/* End PBXNativeTarget section */

/* Begin PBXProject section */
		704D6FBD25E1BF93003E24AF /* Project object */ = {
			isa = PBXProject;
			attributes = {
				LastSwiftUpdateCheck = 1240;
				LastUpgradeCheck = 1240;
				TargetAttributes = {
					704D6FC425E1BF93003E24AF = {
						CreatedOnToolsVersion = 12.4;
					};
				};
			};
			buildConfigurationList = 704D6FC025E1BF93003E24AF /* Build configuration list for PBXProject "Destiny" */;
			compatibilityVersion = "Xcode 9.3";
			developmentRegion = en;
			hasScannedForEncodings = 0;
			knownRegions = (
				en,
				Base,
			);
			mainGroup = 704D6FBC25E1BF93003E24AF;
			productRefGroup = 704D6FC625E1BF93003E24AF /* Products */;
			projectDirPath = "";
			projectRoot = "";
			targets = (
				704D6FC425E1BF93003E24AF /* Destiny */,
			);
		};
/* End PBXProject section */

/* Begin PBXResourcesBuildPhase section */
		704D6FC325E1BF93003E24AF /* Resources */ = {
			isa = PBXResourcesBuildPhase;
			buildActionMask = 2147483647;
			files = (
				704D6FD525E1BF95003E24AF /* LaunchScreen.storyboard in Resources */,
				704D6FD225E1BF95003E24AF /* Assets.xcassets in Resources */,
				704D6FD025E1BF93003E24AF /* Main.storyboard in Resources */,
			);
			runOnlyForDeploymentPostprocessing = 0;
		};
/* End PBXResourcesBuildPhase section */

/* Begin PBXSourcesBuildPhase section */
		704D6FC125E1BF93003E24AF /* Sources */ = {
			isa = PBXSourcesBuildPhase;
			buildActionMask = 2147483647;
			files = (
				704D6FEA25E1BFFB003E24AF /* StoryBrain.swift in Sources */,
				704D6FCD25E1BF93003E24AF /* ViewController.swift in Sources */,
				704D6FC925E1BF93003E24AF /* AppDelegate.swift in Sources */,
				704D6FCB25E1BF93003E24AF /* SceneDelegate.swift in Sources */,
				704D6FE425E1BFDE003E24AF /* Story.swift in Sources */,
			);
			runOnlyForDeploymentPostprocessing = 0;
		};
/* End PBXSourcesBuildPhase section */

/* Begin PBXVariantGroup section */
		704D6FCE25E1BF93003E24AF /* Main.storyboard */ = {
			isa = PBXVariantGroup;
			children = (
				704D6FCF25E1BF93003E24AF /* Base */,
			);
			name = Main.storyboard;
			sourceTree = "<group>";
		};
		704D6FD325E1BF95003E24AF /* LaunchScreen.storyboard */ = {
			isa = PBXVariantGroup;
			children = (
				704D6FD425E1BF95003E24AF /* Base */,
			);
			name = LaunchScreen.storyboard;
			sourceTree = "<group>";
		};
/* End PBXVariantGroup section */

/* Begin XCBuildConfiguration section */
		704D6FD725E1BF95003E24AF /* Debug */ = {
			isa = XCBuildConfiguration;
			buildSettings = {
				ALWAYS_SEARCH_USER_PATHS = NO;
				CLANG_ANALYZER_NONNULL = YES;
				CLANG_ANALYZER_NUMBER_OBJECT_CONVERSION = YES_AGGRESSIVE;
				CLANG_CXX_LANGUAGE_STANDARD = "gnu++14";
				CLANG_CXX_LIBRARY = "libc++";
				CLANG_ENABLE_MODULES = YES;
				CLANG_ENABLE_OBJC_ARC = YES;
				CLANG_ENABLE_OBJC_WEAK = YES;
				CLANG_WARN_BLOCK_CAPTURE_AUTORELEASING = YES;
				CLANG_WARN_BOOL_CONVERSION = YES;
				CLANG_WARN_COMMA = YES;
				CLANG_WARN_CONSTANT_CONVERSION = YES;
				CLANG_WARN_DEPRECATED_OBJC_IMPLEMENTATIONS = YES;
				CLANG_WARN_DIRECT_OBJC_ISA_USAGE = YES_ERROR;
				CLANG_WARN_DOCUMENTATION_COMMENTS = YES;
				CLANG_WARN_EMPTY_BODY = YES;
				CLANG_WARN_ENUM_CONVERSION = YES;
				CLANG_WARN_INFINITE_RECURSION = YES;
				CLANG_WARN_INT_CONVERSION = YES;
				CLANG_WARN_NON_LITERAL_NULL_CONVERSION = YES;
				CLANG_WARN_OBJC_IMPLICIT_RETAIN_SELF = YES;
				CLANG_WARN_OBJC_LITERAL_CONVERSION = YES;
				CLANG_WARN_OBJC_ROOT_CLASS = YES_ERROR;
				CLANG_WARN_QUOTED_INCLUDE_IN_FRAMEWORK_HEADER = YES;
				CLANG_WARN_RANGE_LOOP_ANALYSIS = YES;
				CLANG_WARN_STRICT_PROTOTYPES = YES;
				CLANG_WARN_SUSPICIOUS_MOVE = YES;
				CLANG_WARN_UNGUARDED_AVAILABILITY = YES_AGGRESSIVE;
				CLANG_WARN_UNREACHABLE_CODE = YES;
				CLANG_WARN__DUPLICATE_METHOD_MATCH = YES;
				COPY_PHASE_STRIP = NO;
				DEBUG_INFORMATION_FORMAT = dwarf;
				ENABLE_STRICT_OBJC_MSGSEND = YES;
				ENABLE_TESTABILITY = YES;
				GCC_C_LANGUAGE_STANDARD = gnu11;
				GCC_DYNAMIC_NO_PIC = NO;
				GCC_NO_COMMON_BLOCKS = YES;
				GCC_OPTIMIZATION_LEVEL = 0;
				GCC_PREPROCESSOR_DEFINITIONS = (
					"DEBUG=1",
					"$(inherited)",
				);
				GCC_WARN_64_TO_32_BIT_CONVERSION = YES;
				GCC_WARN_ABOUT_RETURN_TYPE = YES_ERROR;
				GCC_WARN_UNDECLARED_SELECTOR = YES;
				GCC_WARN_UNINITIALIZED_AUTOS = YES_AGGRESSIVE;
				GCC_WARN_UNUSED_FUNCTION = YES;
				GCC_WARN_UNUSED_VARIABLE = YES;
				IPHONEOS_DEPLOYMENT_TARGET = 14.4;
				MTL_ENABLE_DEBUG_INFO = INCLUDE_SOURCE;
				MTL_FAST_MATH = YES;
				ONLY_ACTIVE_ARCH = YES;
				SDKROOT = iphoneos;
				SWIFT_ACTIVE_COMPILATION_CONDITIONS = DEBUG;
				SWIFT_OPTIMIZATION_LEVEL = "-Onone";
			};
			name = Debug;
		};
		704D6FD825E1BF95003E24AF /* Release */ = {
			isa = XCBuildConfiguration;
			buildSettings = {
				ALWAYS_SEARCH_USER_PATHS = NO;
				CLANG_ANALYZER_NONNULL = YES;
				CLANG_ANALYZER_NUMBER_OBJECT_CONVERSION = YES_AGGRESSIVE;
				CLANG_CXX_LANGUAGE_STANDARD = "gnu++14";
				CLANG_CXX_LIBRARY = "libc++";
				CLANG_ENABLE_MODULES = YES;
				CLANG_ENABLE_OBJC_ARC = YES;
				CLANG_ENABLE_OBJC_WEAK = YES;
				CLANG_WARN_BLOCK_CAPTURE_AUTORELEASING = YES;
				CLANG_WARN_BOOL_CONVERSION = YES;
				CLANG_WARN_COMMA = YES;
				CLANG_WARN_CONSTANT_CONVERSION = YES;
				CLANG_WARN_DEPRECATED_OBJC_IMPLEMENTATIONS = YES;
				CLANG_WARN_DIRECT_OBJC_ISA_USAGE = YES_ERROR;
				CLANG_WARN_DOCUMENTATION_COMMENTS = YES;
				CLANG_WARN_EMPTY_BODY = YES;
				CLANG_WARN_ENUM_CONVERSION = YES;
				CLANG_WARN_INFINITE_RECURSION = YES;
				CLANG_WARN_INT_CONVERSION = YES;
				CLANG_WARN_NON_LITERAL_NULL_CONVERSION = YES;
				CLANG_WARN_OBJC_IMPLICIT_RETAIN_SELF = YES;
				CLANG_WARN_OBJC_LITERAL_CONVERSION = YES;
				CLANG_WARN_OBJC_ROOT_CLASS = YES_ERROR;
				CLANG_WARN_QUOTED_INCLUDE_IN_FRAMEWORK_HEADER = YES;
				CLANG_WARN_RANGE_LOOP_ANALYSIS = YES;
				CLANG_WARN_STRICT_PROTOTYPES = YES;
				CLANG_WARN_SUSPICIOUS_MOVE = YES;
				CLANG_WARN_UNGUARDED_AVAILABILITY = YES_AGGRESSIVE;
				CLANG_WARN_UNREACHABLE_CODE = YES;
				CLANG_WARN__DUPLICATE_METHOD_MATCH = YES;
				COPY_PHASE_STRIP = NO;
				DEBUG_INFORMATION_FORMAT = "dwarf-with-dsym";
				ENABLE_NS_ASSERTIONS = NO;
				ENABLE_STRICT_OBJC_MSGSEND = YES;
				GCC_C_LANGUAGE_STANDARD = gnu11;
				GCC_NO_COMMON_BLOCKS = YES;
				GCC_WARN_64_TO_32_BIT_CONVERSION = YES;
				GCC_WARN_ABOUT_RETURN_TYPE = YES_ERROR;
				GCC_WARN_UNDECLARED_SELECTOR = YES;
				GCC_WARN_UNINITIALIZED_AUTOS = YES_AGGRESSIVE;
				GCC_WARN_UNUSED_FUNCTION = YES;
				GCC_WARN_UNUSED_VARIABLE = YES;
				IPHONEOS_DEPLOYMENT_TARGET = 14.4;
				MTL_ENABLE_DEBUG_INFO = NO;
				MTL_FAST_MATH = YES;
				SDKROOT = iphoneos;
				SWIFT_COMPILATION_MODE = wholemodule;
				SWIFT_OPTIMIZATION_LEVEL = "-O";
				VALIDATE_PRODUCT = YES;
			};
			name = Release;
		};
		704D6FDA25E1BF95003E24AF /* Debug */ = {
			isa = XCBuildConfiguration;
			buildSettings = {
				ASSETCATALOG_COMPILER_APPICON_NAME = AppIcon;
				ASSETCATALOG_COMPILER_GLOBAL_ACCENT_COLOR_NAME = AccentColor;
				CODE_SIGN_STYLE = Automatic;
				INFOPLIST_FILE = Destiny/Info.plist;
				LD_RUNPATH_SEARCH_PATHS = (
					"$(inherited)",
					"@executable_path/Frameworks",
				);
				PRODUCT_BUNDLE_IDENTIFIER = Alexander.Destiny;
				PRODUCT_NAME = "$(TARGET_NAME)";
				SWIFT_VERSION = 5.0;
				TARGETED_DEVICE_FAMILY = 1;
			};
			name = Debug;
		};
		704D6FDB25E1BF95003E24AF /* Release */ = {
			isa = XCBuildConfiguration;
			buildSettings = {
				ASSETCATALOG_COMPILER_APPICON_NAME = AppIcon;
				ASSETCATALOG_COMPILER_GLOBAL_ACCENT_COLOR_NAME = AccentColor;
				CODE_SIGN_STYLE = Automatic;
				INFOPLIST_FILE = Destiny/Info.plist;
				LD_RUNPATH_SEARCH_PATHS = (
					"$(inherited)",
					"@executable_path/Frameworks",
				);
				PRODUCT_BUNDLE_IDENTIFIER = Alexander.Destiny;
				PRODUCT_NAME = "$(TARGET_NAME)";
				SWIFT_VERSION = 5.0;
				TARGETED_DEVICE_FAMILY = 1;
			};
			name = Release;
		};
/* End XCBuildConfiguration section */

/* Begin XCConfigurationList section */
		704D6FC025E1BF93003E24AF /* Build configuration list for PBXProject "Destiny" */ = {
			isa = XCConfigurationList;
			buildConfigurations = (
				704D6FD725E1BF95003E24AF /* Debug */,
				704D6FD825E1BF95003E24AF /* Release */,
			);
			defaultConfigurationIsVisible = 0;
			defaultConfigurationName = Release;
		};
		704D6FD925E1BF95003E24AF /* Build configuration list for PBXNativeTarget "Destiny" */ = {
			isa = XCConfigurationList;
			buildConfigurations = (
				704D6FDA25E1BF95003E24AF /* Debug */,
				704D6FDB25E1BF95003E24AF /* Release */,
			);
			defaultConfigurationIsVisible = 0;
			defaultConfigurationName = Release;
		};
/* End XCConfigurationList section */
	};
	rootObject = 704D6FBD25E1BF93003E24AF /* Project object */;
}
