// !$*UTF8*$!
{
	archiveVersion = 1;
	classes = {
	};
	objectVersion = 50;
	objects = {

/* Begin PBXBuildFile section */
		70A5C09525DA961F00C51217 /* AppDelegate.swift in Sources */ = {isa = PBXBuildFile; fileRef = 70A5C09425DA961F00C51217 /* AppDelegate.swift */; };
		70A5C09725DA961F00C51217 /* SceneDelegate.swift in Sources */ = {isa = PBXBuildFile; fileRef = 70A5C09625DA961F00C51217 /* SceneDelegate.swift */; };
		70A5C09925DA961F00C51217 /* ViewController.swift in Sources */ = {isa = PBXBuildFile; fileRef = 70A5C09825DA961F00C51217 /* ViewController.swift */; };
		70A5C09C25DA961F00C51217 /* Main.storyboard in Resources */ = {isa = PBXBuildFile; fileRef = 70A5C09A25DA961F00C51217 /* Main.storyboard */; };
		70A5C09E25DA962100C51217 /* Assets.xcassets in Resources */ = {isa = PBXBuildFile; fileRef = 70A5C09D25DA962100C51217 /* Assets.xcassets */; };
		70A5C0A125DA962100C51217 /* LaunchScreen.storyboard in Resources */ = {isa = PBXBuildFile; fileRef = 70A5C09F25DA962100C51217 /* LaunchScreen.storyboard */; };
		70A5C0AA25DA998400C51217 /* ColorizerTextFieldDelegate.swift in Sources */ = {isa = PBXBuildFile; fileRef = 70A5C0A925DA998400C51217 /* ColorizerTextFieldDelegate.swift */; };
		70A5C0AE25DAA2BB00C51217 /* ZipCodeTextFieldDelegate.swift in Sources */ = {isa = PBXBuildFile; fileRef = 70A5C0AD25DAA2BB00C51217 /* ZipCodeTextFieldDelegate.swift */; };
		70A5C0B225DAA2ED00C51217 /* DollarTextFieldDelegate.swift in Sources */ = {isa = PBXBuildFile; fileRef = 70A5C0B125DAA2ED00C51217 /* DollarTextFieldDelegate.swift */; };
/* End PBXBuildFile section */

/* Begin PBXFileReference section */
		70A5C09125DA961F00C51217 /* TextFields.app */ = {isa = PBXFileReference; explicitFileType = wrapper.application; includeInIndex = 0; path = TextFields.app; sourceTree = BUILT_PRODUCTS_DIR; };
		70A5C09425DA961F00C51217 /* AppDelegate.swift */ = {isa = PBXFileReference; lastKnownFileType = sourcecode.swift; path = AppDelegate.swift; sourceTree = "<group>"; };
		70A5C09625DA961F00C51217 /* SceneDelegate.swift */ = {isa = PBXFileReference; lastKnownFileType = sourcecode.swift; path = SceneDelegate.swift; sourceTree = "<group>"; };
		70A5C09825DA961F00C51217 /* ViewController.swift */ = {isa = PBXFileReference; lastKnownFileType = sourcecode.swift; path = ViewController.swift; sourceTree = "<group>"; };
		70A5C09B25DA961F00C51217 /* Base */ = {isa = PBXFileReference; lastKnownFileType = file.storyboard; name = Base; path = Base.lproj/Main.storyboard; sourceTree = "<group>"; };
		70A5C09D25DA962100C51217 /* Assets.xcassets */ = {isa = PBXFileReference; lastKnownFileType = folder.assetcatalog; path = Assets.xcassets; sourceTree = "<group>"; };
		70A5C0A025DA962100C51217 /* Base */ = {isa = PBXFileReference; lastKnownFileType = file.storyboard; name = Base; path = Base.lproj/LaunchScreen.storyboard; sourceTree = "<group>"; };
		70A5C0A225DA962100C51217 /* Info.plist */ = {isa = PBXFileReference; lastKnownFileType = text.plist.xml; path = Info.plist; sourceTree = "<group>"; };
		70A5C0A925DA998400C51217 /* ColorizerTextFieldDelegate.swift */ = {isa = PBXFileReference; lastKnownFileType = sourcecode.swift; path = ColorizerTextFieldDelegate.swift; sourceTree = "<group>"; };
		70A5C0AD25DAA2BB00C51217 /* ZipCodeTextFieldDelegate.swift */ = {isa = PBXFileReference; lastKnownFileType = sourcecode.swift; path = ZipCodeTextFieldDelegate.swift; sourceTree = "<group>"; };
		70A5C0B125DAA2ED00C51217 /* DollarTextFieldDelegate.swift */ = {isa = PBXFileReference; lastKnownFileType = sourcecode.swift; path = DollarTextFieldDelegate.swift; sourceTree = "<group>"; };
/* End PBXFileReference section */

/* Begin PBXFrameworksBuildPhase section */
		70A5C08E25DA961F00C51217 /* Frameworks */ = {
			isa = PBXFrameworksBuildPhase;
			buildActionMask = 2147483647;
			files = (
			);
			runOnlyForDeploymentPostprocessing = 0;
		};
/* End PBXFrameworksBuildPhase section */

/* Begin PBXGroup section */
		70A5C08825DA961F00C51217 = {
			isa = PBXGroup;
			children = (
				70A5C09325DA961F00C51217 /* TextFields */,
				70A5C09225DA961F00C51217 /* Products */,
			);
			sourceTree = "<group>";
		};
		70A5C09225DA961F00C51217 /* Products */ = {
			isa = PBXGroup;
			children = (
				70A5C09125DA961F00C51217 /* TextFields.app */,
			);
			name = Products;
			sourceTree = "<group>";
		};
		70A5C09325DA961F00C51217 /* TextFields */ = {
			isa = PBXGroup;
			children = (
				70A5C0AC25DAA28400C51217 /* TextField delegates */,
				70A5C09425DA961F00C51217 /* AppDelegate.swift */,
				70A5C09625DA961F00C51217 /* SceneDelegate.swift */,
				70A5C09825DA961F00C51217 /* ViewController.swift */,
				70A5C09A25DA961F00C51217 /* Main.storyboard */,
				70A5C09D25DA962100C51217 /* Assets.xcassets */,
				70A5C09F25DA962100C51217 /* LaunchScreen.storyboard */,
				70A5C0A225DA962100C51217 /* Info.plist */,
			);
			path = TextFields;
			sourceTree = "<group>";
		};
		70A5C0AC25DAA28400C51217 /* TextField delegates */ = {
			isa = PBXGroup;
			children = (
				70A5C0A925DA998400C51217 /* ColorizerTextFieldDelegate.swift */,
				70A5C0AD25DAA2BB00C51217 /* ZipCodeTextFieldDelegate.swift */,
				70A5C0B125DAA2ED00C51217 /* DollarTextFieldDelegate.swift */,
			);
			path = "TextField delegates";
			sourceTree = "<group>";
		};
/* End PBXGroup section */

/* Begin PBXNativeTarget section */
		70A5C09025DA961F00C51217 /* TextFields */ = {
			isa = PBXNativeTarget;
			buildConfigurationList = 70A5C0A525DA962100C51217 /* Build configuration list for PBXNativeTarget "TextFields" */;
			buildPhases = (
				70A5C08D25DA961F00C51217 /* Sources */,
				70A5C08E25DA961F00C51217 /* Frameworks */,
				70A5C08F25DA961F00C51217 /* Resources */,
			);
			buildRules = (
			);
			dependencies = (
			);
			name = TextFields;
			productName = TextFields;
			productReference = 70A5C09125DA961F00C51217 /* TextFields.app */;
			productType = "com.apple.product-type.application";
		};
/* End PBXNativeTarget section */

/* Begin PBXProject section */
		70A5C08925DA961F00C51217 /* Project object */ = {
			isa = PBXProject;
			attributes = {
				LastSwiftUpdateCheck = 1240;
				LastUpgradeCheck = 1240;
				TargetAttributes = {
					70A5C09025DA961F00C51217 = {
						CreatedOnToolsVersion = 12.4;
					};
				};
			};
			buildConfigurationList = 70A5C08C25DA961F00C51217 /* Build configuration list for PBXProject "TextFields" */;
			compatibilityVersion = "Xcode 9.3";
			developmentRegion = en;
			hasScannedForEncodings = 0;
			knownRegions = (
				en,
				Base,
			);
			mainGroup = 70A5C08825DA961F00C51217;
			productRefGroup = 70A5C09225DA961F00C51217 /* Products */;
			projectDirPath = "";
			projectRoot = "";
			targets = (
				70A5C09025DA961F00C51217 /* TextFields */,
			);
		};
/* End PBXProject section */

/* Begin PBXResourcesBuildPhase section */
		70A5C08F25DA961F00C51217 /* Resources */ = {
			isa = PBXResourcesBuildPhase;
			buildActionMask = 2147483647;
			files = (
				70A5C0A125DA962100C51217 /* LaunchScreen.storyboard in Resources */,
				70A5C09E25DA962100C51217 /* Assets.xcassets in Resources */,
				70A5C09C25DA961F00C51217 /* Main.storyboard in Resources */,
			);
			runOnlyForDeploymentPostprocessing = 0;
		};
/* End PBXResourcesBuildPhase section */

/* Begin PBXSourcesBuildPhase section */
		70A5C08D25DA961F00C51217 /* Sources */ = {
			isa = PBXSourcesBuildPhase;
			buildActionMask = 2147483647;
			files = (
				70A5C0AA25DA998400C51217 /* ColorizerTextFieldDelegate.swift in Sources */,
				70A5C09925DA961F00C51217 /* ViewController.swift in Sources */,
				70A5C0AE25DAA2BB00C51217 /* ZipCodeTextFieldDelegate.swift in Sources */,
				70A5C09525DA961F00C51217 /* AppDelegate.swift in Sources */,
				70A5C0B225DAA2ED00C51217 /* DollarTextFieldDelegate.swift in Sources */,
				70A5C09725DA961F00C51217 /* SceneDelegate.swift in Sources */,
			);
			runOnlyForDeploymentPostprocessing = 0;
		};
/* End PBXSourcesBuildPhase section */

/* Begin PBXVariantGroup section */
		70A5C09A25DA961F00C51217 /* Main.storyboard */ = {
			isa = PBXVariantGroup;
			children = (
				70A5C09B25DA961F00C51217 /* Base */,
			);
			name = Main.storyboard;
			sourceTree = "<group>";
		};
		70A5C09F25DA962100C51217 /* LaunchScreen.storyboard */ = {
			isa = PBXVariantGroup;
			children = (
				70A5C0A025DA962100C51217 /* Base */,
			);
			name = LaunchScreen.storyboard;
			sourceTree = "<group>";
		};
/* End PBXVariantGroup section */

/* Begin XCBuildConfiguration section */
		70A5C0A325DA962100C51217 /* Debug */ = {
			isa = XCBuildConfiguration;
			buildSettings = {
				ALWAYS_SEARCH_USER_PATHS = NO;
				CLANG_ANALYZER_NONNULL = YES;
				CLANG_ANALYZER_NUMBER_OBJECT_CONVERSION = YES_AGGRESSIVE;
				CLANG_CXX_LANGUAGE_STANDARD = "gnu++14";
				CLANG_CXX_LIBRARY = "libc++";
				CLANG_ENABLE_MODULES = YES;
				CLANG_ENABLE_OBJC_ARC = YES;
				CLANG_ENABLE_OBJC_WEAK = YES;
				CLANG_WARN_BLOCK_CAPTURE_AUTORELEASING = YES;
				CLANG_WARN_BOOL_CONVERSION = YES;
				CLANG_WARN_COMMA = YES;
				CLANG_WARN_CONSTANT_CONVERSION = YES;
				CLANG_WARN_DEPRECATED_OBJC_IMPLEMENTATIONS = YES;
				CLANG_WARN_DIRECT_OBJC_ISA_USAGE = YES_ERROR;
				CLANG_WARN_DOCUMENTATION_COMMENTS = YES;
				CLANG_WARN_EMPTY_BODY = YES;
				CLANG_WARN_ENUM_CONVERSION = YES;
				CLANG_WARN_INFINITE_RECURSION = YES;
				CLANG_WARN_INT_CONVERSION = YES;
				CLANG_WARN_NON_LITERAL_NULL_CONVERSION = YES;
				CLANG_WARN_OBJC_IMPLICIT_RETAIN_SELF = YES;
				CLANG_WARN_OBJC_LITERAL_CONVERSION = YES;
				CLANG_WARN_OBJC_ROOT_CLASS = YES_ERROR;
				CLANG_WARN_QUOTED_INCLUDE_IN_FRAMEWORK_HEADER = YES;
				CLANG_WARN_RANGE_LOOP_ANALYSIS = YES;
				CLANG_WARN_STRICT_PROTOTYPES = YES;
				CLANG_WARN_SUSPICIOUS_MOVE = YES;
				CLANG_WARN_UNGUARDED_AVAILABILITY = YES_AGGRESSIVE;
				CLANG_WARN_UNREACHABLE_CODE = YES;
				CLANG_WARN__DUPLICATE_METHOD_MATCH = YES;
				COPY_PHASE_STRIP = NO;
				DEBUG_INFORMATION_FORMAT = dwarf;
				ENABLE_STRICT_OBJC_MSGSEND = YES;
				ENABLE_TESTABILITY = YES;
				GCC_C_LANGUAGE_STANDARD = gnu11;
				GCC_DYNAMIC_NO_PIC = NO;
				GCC_NO_COMMON_BLOCKS = YES;
				GCC_OPTIMIZATION_LEVEL = 0;
				GCC_PREPROCESSOR_DEFINITIONS = (
					"DEBUG=1",
					"$(inherited)",
				);
				GCC_WARN_64_TO_32_BIT_CONVERSION = YES;
				GCC_WARN_ABOUT_RETURN_TYPE = YES_ERROR;
				GCC_WARN_UNDECLARED_SELECTOR = YES;
				GCC_WARN_UNINITIALIZED_AUTOS = YES_AGGRESSIVE;
				GCC_WARN_UNUSED_FUNCTION = YES;
				GCC_WARN_UNUSED_VARIABLE = YES;
				IPHONEOS_DEPLOYMENT_TARGET = 14.4;
				MTL_ENABLE_DEBUG_INFO = INCLUDE_SOURCE;
				MTL_FAST_MATH = YES;
				ONLY_ACTIVE_ARCH = YES;
				SDKROOT = iphoneos;
				SWIFT_ACTIVE_COMPILATION_CONDITIONS = DEBUG;
				SWIFT_OPTIMIZATION_LEVEL = "-Onone";
			};
			name = Debug;
		};
		70A5C0A425DA962100C51217 /* Release */ = {
			isa = XCBuildConfiguration;
			buildSettings = {
				ALWAYS_SEARCH_USER_PATHS = NO;
				CLANG_ANALYZER_NONNULL = YES;
				CLANG_ANALYZER_NUMBER_OBJECT_CONVERSION = YES_AGGRESSIVE;
				CLANG_CXX_LANGUAGE_STANDARD = "gnu++14";
				CLANG_CXX_LIBRARY = "libc++";
				CLANG_ENABLE_MODULES = YES;
				CLANG_ENABLE_OBJC_ARC = YES;
				CLANG_ENABLE_OBJC_WEAK = YES;
				CLANG_WARN_BLOCK_CAPTURE_AUTORELEASING = YES;
				CLANG_WARN_BOOL_CONVERSION = YES;
				CLANG_WARN_COMMA = YES;
				CLANG_WARN_CONSTANT_CONVERSION = YES;
				CLANG_WARN_DEPRECATED_OBJC_IMPLEMENTATIONS = YES;
				CLANG_WARN_DIRECT_OBJC_ISA_USAGE = YES_ERROR;
				CLANG_WARN_DOCUMENTATION_COMMENTS = YES;
				CLANG_WARN_EMPTY_BODY = YES;
				CLANG_WARN_ENUM_CONVERSION = YES;
				CLANG_WARN_INFINITE_RECURSION = YES;
				CLANG_WARN_INT_CONVERSION = YES;
				CLANG_WARN_NON_LITERAL_NULL_CONVERSION = YES;
				CLANG_WARN_OBJC_IMPLICIT_RETAIN_SELF = YES;
				CLANG_WARN_OBJC_LITERAL_CONVERSION = YES;
				CLANG_WARN_OBJC_ROOT_CLASS = YES_ERROR;
				CLANG_WARN_QUOTED_INCLUDE_IN_FRAMEWORK_HEADER = YES;
				CLANG_WARN_RANGE_LOOP_ANALYSIS = YES;
				CLANG_WARN_STRICT_PROTOTYPES = YES;
				CLANG_WARN_SUSPICIOUS_MOVE = YES;
				CLANG_WARN_UNGUARDED_AVAILABILITY = YES_AGGRESSIVE;
				CLANG_WARN_UNREACHABLE_CODE = YES;
				CLANG_WARN__DUPLICATE_METHOD_MATCH = YES;
				COPY_PHASE_STRIP = NO;
				DEBUG_INFORMATION_FORMAT = "dwarf-with-dsym";
				ENABLE_NS_ASSERTIONS = NO;
				ENABLE_STRICT_OBJC_MSGSEND = YES;
				GCC_C_LANGUAGE_STANDARD = gnu11;
				GCC_NO_COMMON_BLOCKS = YES;
				GCC_WARN_64_TO_32_BIT_CONVERSION = YES;
				GCC_WARN_ABOUT_RETURN_TYPE = YES_ERROR;
				GCC_WARN_UNDECLARED_SELECTOR = YES;
				GCC_WARN_UNINITIALIZED_AUTOS = YES_AGGRESSIVE;
				GCC_WARN_UNUSED_FUNCTION = YES;
				GCC_WARN_UNUSED_VARIABLE = YES;
				IPHONEOS_DEPLOYMENT_TARGET = 14.4;
				MTL_ENABLE_DEBUG_INFO = NO;
				MTL_FAST_MATH = YES;
				SDKROOT = iphoneos;
				SWIFT_COMPILATION_MODE = wholemodule;
				SWIFT_OPTIMIZATION_LEVEL = "-O";
				VALIDATE_PRODUCT = YES;
			};
			name = Release;
		};
		70A5C0A625DA962100C51217 /* Debug */ = {
			isa = XCBuildConfiguration;
			buildSettings = {
				ASSETCATALOG_COMPILER_APPICON_NAME = AppIcon;
				ASSETCATALOG_COMPILER_GLOBAL_ACCENT_COLOR_NAME = AccentColor;
				CODE_SIGN_STYLE = Automatic;
				INFOPLIST_FILE = TextFields/Info.plist;
				LD_RUNPATH_SEARCH_PATHS = (
					"$(inherited)",
					"@executable_path/Frameworks",
				);
				PRODUCT_BUNDLE_IDENTIFIER = Alexander.TextFields;
				PRODUCT_NAME = "$(TARGET_NAME)";
				SWIFT_VERSION = 5.0;
				TARGETED_DEVICE_FAMILY = "1,2";
			};
			name = Debug;
		};
		70A5C0A725DA962100C51217 /* Release */ = {
			isa = XCBuildConfiguration;
			buildSettings = {
				ASSETCATALOG_COMPILER_APPICON_NAME = AppIcon;
				ASSETCATALOG_COMPILER_GLOBAL_ACCENT_COLOR_NAME = AccentColor;
				CODE_SIGN_STYLE = Automatic;
				INFOPLIST_FILE = TextFields/Info.plist;
				LD_RUNPATH_SEARCH_PATHS = (
					"$(inherited)",
					"@executable_path/Frameworks",
				);
				PRODUCT_BUNDLE_IDENTIFIER = Alexander.TextFields;
				PRODUCT_NAME = "$(TARGET_NAME)";
				SWIFT_VERSION = 5.0;
				TARGETED_DEVICE_FAMILY = "1,2";
			};
			name = Release;
		};
/* End XCBuildConfiguration section */

/* Begin XCConfigurationList section */
		70A5C08C25DA961F00C51217 /* Build configuration list for PBXProject "TextFields" */ = {
			isa = XCConfigurationList;
			buildConfigurations = (
				70A5C0A325DA962100C51217 /* Debug */,
				70A5C0A425DA962100C51217 /* Release */,
			);
			defaultConfigurationIsVisible = 0;
			defaultConfigurationName = Release;
		};
		70A5C0A525DA962100C51217 /* Build configuration list for PBXNativeTarget "TextFields" */ = {
			isa = XCConfigurationList;
			buildConfigurations = (
				70A5C0A625DA962100C51217 /* Debug */,
				70A5C0A725DA962100C51217 /* Release */,
			);
			defaultConfigurationIsVisible = 0;
			defaultConfigurationName = Release;
		};
/* End XCConfigurationList section */
	};
	rootObject = 70A5C08925DA961F00C51217 /* Project object */;
}
